# THIS IS AN AUTOGENERATED FILE. DO NOT EDIT THIS FILE DIRECTLY.
# yarn lockfile v1


"@emotion/is-prop-valid@^0.8.2":
  version "0.8.8"
  resolved "https://registry.yarnpkg.com/@emotion/is-prop-valid/-/is-prop-valid-0.8.8.tgz#db28b1c4368a259b60a97311d6a952d4fd01ac1a"
  integrity sha512-u5WtneEAr5IDG2Wv65yhunPSMLIpuKsbuOktRojfrEiEvRyC85LgPMZI63cr7NUqT8ZIGdSVg8ZKGxIug4lXcA==
  dependencies:
    "@emotion/memoize" "0.7.4"

"@emotion/memoize@0.7.4":
  version "0.7.4"
  resolved "https://registry.yarnpkg.com/@emotion/memoize/-/memoize-0.7.4.tgz#19bf0f5af19149111c40d98bb0cf82119f5d9eeb"
  integrity sha512-Ja/Vfqe3HpuzRsG1oBtWTHk2PGZ7GR+2Vz5iYGelAw8dx32K0y7PjVuxK6z1nMpZOqAFsRUPCkK1YjJ56qJlgw==

"@motionone/animation@^10.10.1":
  version "10.10.1"
  resolved "https://registry.yarnpkg.com/@motionone/animation/-/animation-10.10.1.tgz#d3d3ecb11c6d7507a104b080f31b07be9bc7056d"
  integrity sha512-iX839/Ir5wT7hVX0yCZYjcDhHAOkVR5hIhVBTf37qEUD693uVwrxC2i1BI9vMVPc1rIoFtftYjOtwoO9Oq/aog==
  dependencies:
    "@motionone/easing" "^10.9.0"
    "@motionone/types" "^10.9.0"
    "@motionone/utils" "^10.9.0"
    tslib "^2.3.1"

"@motionone/dom@^10.11.1":
  version "10.11.2"
  resolved "https://registry.yarnpkg.com/@motionone/dom/-/dom-10.11.2.tgz#a5256e372a04593ba62949e00708173639496db2"
  integrity sha512-0SX4acPV1srcnzi0ZKzeq/aqDq86Wwd2G2RiLbLhIGFB3zZB/rJ46yNW3AUhSPKEQLCL20J3e8V4hyfPdEZ5TA==
  dependencies:
    "@motionone/animation" "^10.10.1"
    "@motionone/generators" "^10.9.0"
    "@motionone/types" "^10.9.0"
    "@motionone/utils" "^10.9.0"
    hey-listen "^1.0.8"
    tslib "^2.3.1"

"@motionone/easing@^10.9.0":
  version "10.9.0"
  resolved "https://registry.yarnpkg.com/@motionone/easing/-/easing-10.9.0.tgz#42910c70dd30e1bbba27a9612ce03bca022d0da7"
  integrity sha512-FYIr3HlQEb7aE5LOpY6BPQUaPyKeJt6VfGA+npy73+JIGqoVOjbrdZ1ZQxzTXqO76mG3UZvv1+twrDamRQsxFw==
  dependencies:
    "@motionone/utils" "^10.9.0"
    tslib "^2.3.1"

"@motionone/generators@^10.9.0":
  version "10.9.0"
  resolved "https://registry.yarnpkg.com/@motionone/generators/-/generators-10.9.0.tgz#46f3e706f45a9566db7e0ce62d677c884813cdaa"
  integrity sha512-BOkHx4qQswJV+z/6k05qdvRENE4hG606NI5cIPTsLtSuksnRn83utuj/15VTNoFeYHuTdhwzxvIPvlPVayIGTg==
  dependencies:
    "@motionone/types" "^10.9.0"
    "@motionone/utils" "^10.9.0"
    tslib "^2.3.1"

"@motionone/types@^10.9.0":
  version "10.9.0"
  resolved "https://registry.yarnpkg.com/@motionone/types/-/types-10.9.0.tgz#7caa9c1b746dd30bcf6104ce9c82a5a928385da2"
  integrity sha512-ZcEDfsrS2ym9+vExV7+59avkzEO/PLkNj16uaDvbWhi0Q/vOZ72j2LQTrtDLWVyZRIeUaB/i8DJP017Gj6UYQw==

"@motionone/utils@^10.9.0":
  version "10.9.0"
  resolved "https://registry.yarnpkg.com/@motionone/utils/-/utils-10.9.0.tgz#a68fe41fe37e4365b07dfc676f014a0e43b8beb2"
  integrity sha512-5IgmwQ8TdH1HsQ9d2QZeBCu9+HkqjoYRYItRpmusoyiedPMZaKdU3pr3qFP5nbAj68Ww2sTUxgEZEOF20qJA6w==
  dependencies:
    "@motionone/types" "^10.9.0"
    hey-listen "^1.0.8"
    tslib "^2.3.1"

framer-motion@^6.4.3:
  version "6.4.3"
  resolved "https://registry.yarnpkg.com/framer-motion/-/framer-motion-6.4.3.tgz#1d60f352ccc2840b0302c35c0993d972da550d03"
  integrity sha512-prcyOGFkGjwGEgbxObIWteVz1ihuWaDLdR03626cbA1GxTaPRpLb8ioJfWPmP5mwcWC7TlhMOjS5kBYnuiktFA==
  dependencies:
    "@motionone/dom" "^10.11.1"
    framesync "6.0.1"
    hey-listen "^1.0.8"
    popmotion "11.0.3"
    style-value-types "5.0.0"
    tslib "^2.1.0"
  optionalDependencies:
    "@emotion/is-prop-valid" "^0.8.2"

framesync@6.0.1:
  version "6.0.1"
  resolved "https://registry.yarnpkg.com/framesync/-/framesync-6.0.1.tgz#5e32fc01f1c42b39c654c35b16440e07a25d6f20"
  integrity sha512-fUY88kXvGiIItgNC7wcTOl0SNRCVXMKSWW2Yzfmn7EKNc+MpCzcz9DhdHcdjbrtN3c6R4H5dTY2jiCpPdysEjA==
  dependencies:
    tslib "^2.1.0"

hey-listen@^1.0.8:
  version "1.0.8"
  resolved "https://registry.yarnpkg.com/hey-listen/-/hey-listen-1.0.8.tgz#8e59561ff724908de1aa924ed6ecc84a56a9aa68"
  integrity sha512-COpmrF2NOg4TBWUJ5UVyaCU2A88wEMkUPK4hNqyCkqHbxT92BbvfjoSozkAIIm6XhicGlJHhFdullInrdhwU8Q==

"js-tokens@^3.0.0 || ^4.0.0":
  version "4.0.0"
  resolved "https://registry.yarnpkg.com/js-tokens/-/js-tokens-4.0.0.tgz#19203fb59991df98e3a287050d4647cdeaf32499"
  integrity sha512-RdJUflcE3cUzKiMqQgsCu06FPu9UdIJO0beYbPhHN4k6apgJtifcoCtT9bcxOpYBtpD2kCM6Sbzg4CausW/PKQ==

loose-envify@^1.1.0:
  version "1.4.0"
  resolved "https://registry.yarnpkg.com/loose-envify/-/loose-envify-1.4.0.tgz#71ee51fa7be4caec1a63839f7e682d8132d30caf"
  integrity sha512-lyuxPGr/Wfhrlem2CL/UcnUc1zcqKAImBDzukY7Y5F/yQiNdko6+fRLevlw1HgMySw7f611UIY408EtxRSoK3Q==
  dependencies:
    js-tokens "^3.0.0 || ^4.0.0"

popmotion@11.0.3:
  version "11.0.3"
  resolved "https://registry.yarnpkg.com/popmotion/-/popmotion-11.0.3.tgz#565c5f6590bbcddab7a33a074bb2ba97e24b0cc9"
  integrity sha512-Y55FLdj3UxkR7Vl3s7Qr4e9m0onSnP8W7d/xQLsoJM40vs6UKHFdygs6SWryasTZYqugMjm3BepCF4CWXDiHgA==
  dependencies:
    framesync "6.0.1"
    hey-listen "^1.0.8"
    style-value-types "5.0.0"
    tslib "^2.1.0"

react@^18.2.0:
  version "18.2.0"
  resolved "https://registry.yarnpkg.com/react/-/react-18.2.0.tgz#555bd98592883255fa00de14f1151a917b5d77d5"
  integrity sha512-/3IjMdb2L9QbBdWiW5e3P2/npwMBaU9mHCSCUzNln0ZCYbcfTsGbTJrU/kGemdH2IWmB2ioZ+zkxtmq6g09fGQ==
  dependencies:
    loose-envify "^1.1.0"

style-value-types@5.0.0:
  version "5.0.0"
  resolved "https://registry.yarnpkg.com/style-value-types/-/style-value-types-5.0.0.tgz#76c35f0e579843d523187989da866729411fc8ad"
  integrity sha512-08yq36Ikn4kx4YU6RD7jWEv27v4V+PUsOGa4n/as8Et3CuODMJQ00ENeAVXAeydX4Z2j1XHZF1K2sX4mGl18fA==
  dependencies:
    hey-listen "^1.0.8"
    tslib "^2.1.0"

tslib@^2.1.0, tslib@^2.3.1:
  version "2.4.0"
  resolved "https://registry.yarnpkg.com/tslib/-/tslib-2.4.0.tgz#7cecaa7f073ce680a05847aa77be941098f36dc3"
  integrity sha512-d6xOpEDfsi2CZVlPQzGeux8XMwLT9hssAsaPYExaQMuYskwb+x1x7J371tWlbBdWHroy99KnVB6qIkUbs5X3UQ==
